
Microsoft Visual Studio Solution File, Format Version 12.00
# Visual Studio Version 17
VisualStudioVersion = 17.12.35506.116 d17.12
MinimumVisualStudioVersion = 10.0.40219.1
Project("{FAE04EC0-301F-11D3-BF4B-00C04F79EFBC}") = "LINQ Course", "LINQ Course\LINQ Course.csproj", "{B76F65B3-A84B-4B28-9409-B554145C77E7}"
EndProject
Project("{FAE04EC0-301F-11D3-BF4B-00C04F79EFBC}") = "Data", "Data\Data.csproj", "{C5598C7D-2E2E-48B4-9025-DE2C6DDC2D2B}"
EndProject
Global
	GlobalSection(SolutionConfigurationPlatforms) = preSolution
		Debug|Any CPU = Debug|Any CPU
		Release|Any CPU = Release|Any CPU
	EndGlobalSection
	GlobalSection(ProjectConfigurationPlatforms) = postSolution
		{B76F65B3-A84B-4B28-9409-B554145C77E7}.Debug|Any CPU.ActiveCfg = Debug|Any CPU
		{B76F65B3-A84B-4B28-9409-B554145C77E7}.Debug|Any CPU.Build.0 = Debug|Any CPU
		{B76F65B3-A84B-4B28-9409-B554145C77E7}.Release|Any CPU.ActiveCfg = Release|Any CPU
		{B76F65B3-A84B-4B28-9409-B554145C77E7}.Release|Any CPU.Build.0 = Release|Any CPU
		{C5598C7D-2E2E-48B4-9025-DE2C6DDC2D2B}.Debug|Any CPU.ActiveCfg = Debug|Any CPU
		{C5598C7D-2E2E-48B4-9025-DE2C6DDC2D2B}.Debug|Any CPU.Build.0 = Debug|Any CPU
		{C5598C7D-2E2E-48B4-9025-DE2C6DDC2D2B}.Release|Any CPU.ActiveCfg = Release|Any CPU
		{C5598C7D-2E2E-48B4-9025-DE2C6DDC2D2B}.Release|Any CPU.Build.0 = Release|Any CPU
	EndGlobalSection
	GlobalSection(SolutionProperties) = preSolution
		HideSolutionNode = FALSE
	EndGlobalSection
EndGlobal
